
Microsoft Visual Studio Solution File, Format Version 12.00
# Visual Studio Version 17
VisualStudioVersion = 17.2.32602.215
MinimumVisualStudioVersion = 10.0.40219.1
Project("{FAE04EC0-301F-11D3-BF4B-00C04F79EFBC}") = "XamlApp", "XamlApp\XamlApp.csproj", "{0BBFF728-127F-4E91-8AD2-5A2F07495E1C}"
EndProject
Global
	GlobalSection(SolutionConfigurationPlatforms) = preSolution
		Debug|Any CPU = Debug|Any CPU
		Release|Any CPU = Release|Any CPU
	EndGlobalSection
	GlobalSection(ProjectConfigurationPlatforms) = postSolution
		{0BBFF728-127F-4E91-8AD2-5A2F07495E1C}.Debug|Any CPU.ActiveCfg = Debug|Any CPU
		{0BBFF728-127F-4E91-8AD2-5A2F07495E1C}.Debug|Any CPU.Build.0 = Debug|Any CPU
		{0BBFF728-127F-4E91-8AD2-5A2F07495E1C}.Release|Any CPU.ActiveCfg = Release|Any CPU
		{0BBFF728-127F-4E91-8AD2-5A2F07495E1C}.Release|Any CPU.Build.0 = Release|Any CPU
	EndGlobalSection
	GlobalSection(SolutionProperties) = preSolution
		HideSolutionNode = FALSE
	EndGlobalSection
	GlobalSection(ExtensibilityGlobals) = postSolution
		SolutionGuid = {57BB5983-F1E0-4CE7-B64F-0DB42661078B}
	EndGlobalSection
EndGlobal
